
Microsoft Visual Studio Solution File, Format Version 12.00
# Visual Studio Version 17
VisualStudioVersion = 17.5.33530.505
MinimumVisualStudioVersion = 10.0.40219.1
Project("{8BC9CEB8-8B4A-11D0-8D11-00A0C91BC942}") = "stringLab", "stringLab.vcxproj", "{AFB48C5A-6F21-4739-BC3B-83BA4E19F947}"
EndProject
Project("{8BC9CEB8-8B4A-11D0-8D11-00A0C91BC942}") = "mapLab", "..\mapLab\mapLab.vcxproj", "{004A4509-5FB5-4D96-A32D-F68910F085E5}"
EndProject
Global
	GlobalSection(SolutionConfigurationPlatforms) = preSolution
		Debug|x64 = Debug|x64
		Debug|x86 = Debug|x86
		Release|x64 = Release|x64
		Release|x86 = Release|x86
	EndGlobalSection
	GlobalSection(ProjectConfigurationPlatforms) = postSolution
		{AFB48C5A-6F21-4739-BC3B-83BA4E19F947}.Debug|x64.ActiveCfg = Debug|x64
		{AFB48C5A-6F21-4739-BC3B-83BA4E19F947}.Debug|x64.Build.0 = Debug|x64
		{AFB48C5A-6F21-4739-BC3B-83BA4E19F947}.Debug|x86.ActiveCfg = Debug|Win32
		{AFB48C5A-6F21-4739-BC3B-83BA4E19F947}.Debug|x86.Build.0 = Debug|Win32
		{AFB48C5A-6F21-4739-BC3B-83BA4E19F947}.Release|x64.ActiveCfg = Release|x64
		{AFB48C5A-6F21-4739-BC3B-83BA4E19F947}.Release|x64.Build.0 = Release|x64
		{AFB48C5A-6F21-4739-BC3B-83BA4E19F947}.Release|x86.ActiveCfg = Release|Win32
		{AFB48C5A-6F21-4739-BC3B-83BA4E19F947}.Release|x86.Build.0 = Release|Win32
		{004A4509-5FB5-4D96-A32D-F68910F085E5}.Debug|x64.ActiveCfg = Debug|x64
		{004A4509-5FB5-4D96-A32D-F68910F085E5}.Debug|x64.Build.0 = Debug|x64
		{004A4509-5FB5-4D96-A32D-F68910F085E5}.Debug|x86.ActiveCfg = Debug|Win32
		{004A4509-5FB5-4D96-A32D-F68910F085E5}.Debug|x86.Build.0 = Debug|Win32
		{004A4509-5FB5-4D96-A32D-F68910F085E5}.Release|x64.ActiveCfg = Release|x64
		{004A4509-5FB5-4D96-A32D-F68910F085E5}.Release|x64.Build.0 = Release|x64
		{004A4509-5FB5-4D96-A32D-F68910F085E5}.Release|x86.ActiveCfg = Release|Win32
		{004A4509-5FB5-4D96-A32D-F68910F085E5}.Release|x86.Build.0 = Release|Win32
	EndGlobalSection
	GlobalSection(SolutionProperties) = preSolution
		HideSolutionNode = FALSE
	EndGlobalSection
	GlobalSection(ExtensibilityGlobals) = postSolution
		SolutionGuid = {0FE4157D-B9AD-41BE-A691-2CE2695E49D3}
	EndGlobalSection
EndGlobal
